
Microsoft Visual Studio Solution File, Format Version 12.00
# Visual Studio Version 17
VisualStudioVersion = 17.0.31919.166
MinimumVisualStudioVersion = 10.0.40219.1
Project("{FAE04EC0-301F-11D3-BF4B-00C04F79EFBC}") = "project3iteration", "project3iteration\project3iteration.csproj", "{3443EA20-3F20-4DDA-8319-1D7A5FD36AA1}"
EndProject
Global
	GlobalSection(SolutionConfigurationPlatforms) = preSolution
		Debug|Any CPU = Debug|Any CPU
		Release|Any CPU = Release|Any CPU
	EndGlobalSection
	GlobalSection(ProjectConfigurationPlatforms) = postSolution
		{3443EA20-3F20-4DDA-8319-1D7A5FD36AA1}.Debug|Any CPU.ActiveCfg = Debug|Any CPU
		{3443EA20-3F20-4DDA-8319-1D7A5FD36AA1}.Debug|Any CPU.Build.0 = Debug|Any CPU
		{3443EA20-3F20-4DDA-8319-1D7A5FD36AA1}.Release|Any CPU.ActiveCfg = Release|Any CPU
		{3443EA20-3F20-4DDA-8319-1D7A5FD36AA1}.Release|Any CPU.Build.0 = Release|Any CPU
	EndGlobalSection
	GlobalSection(SolutionProperties) = preSolution
		HideSolutionNode = FALSE
	EndGlobalSection
	GlobalSection(ExtensibilityGlobals) = postSolution
		SolutionGuid = {EF707343-46EE-4CCB-B436-C97AA56ADE1E}
	EndGlobalSection
EndGlobal
